// !$*UTF8*$!
{
	archiveVersion = 1;
	classes = {
	};
	objectVersion = 50;
	objects = {

/* Begin PBXBuildFile section */
		68B31CCC22CF1BF00001C298 /* AppDelegate.swift in Sources */ = {isa = PBXBuildFile; fileRef = 68B31CCB22CF1BF00001C298 /* AppDelegate.swift */; };
		68B31CCE22CF1BF00001C298 /* ViewController.swift in Sources */ = {isa = PBXBuildFile; fileRef = 68B31CCD22CF1BF00001C298 /* ViewController.swift */; };
		68B31CD122CF1BF00001C298 /* Main.storyboard in Resources */ = {isa = PBXBuildFile; fileRef = 68B31CCF22CF1BF00001C298 /* Main.storyboard */; };
		68B31CD422CF1BF00001C298 /* CarthageTutorial.xcdatamodeld in Sources */ = {isa = PBXBuildFile; fileRef = 68B31CD222CF1BF00001C298 /* CarthageTutorial.xcdatamodeld */; };
		68B31CD622CF1BF10001C298 /* Assets.xcassets in Resources */ = {isa = PBXBuildFile; fileRef = 68B31CD522CF1BF10001C298 /* Assets.xcassets */; };
		68B31CD922CF1BF10001C298 /* LaunchScreen.storyboard in Resources */ = {isa = PBXBuildFile; fileRef = 68B31CD722CF1BF10001C298 /* LaunchScreen.storyboard */; };
		68E4B2B522CF26E10037F30F /* Alamofire.framework in Frameworks */ = {isa = PBXBuildFile; fileRef = 68E4B2B422CF26E10037F30F /* Alamofire.framework */; };
/* End PBXBuildFile section */

/* Begin PBXFileReference section */
		68B31CC822CF1BF00001C298 /* CarthageTutorial.app */ = {isa = PBXFileReference; explicitFileType = wrapper.application; includeInIndex = 0; path = CarthageTutorial.app; sourceTree = BUILT_PRODUCTS_DIR; };
		68B31CCB22CF1BF00001C298 /* AppDelegate.swift */ = {isa = PBXFileReference; lastKnownFileType = sourcecode.swift; path = AppDelegate.swift; sourceTree = "<group>"; };
		68B31CCD22CF1BF00001C298 /* ViewController.swift */ = {isa = PBXFileReference; lastKnownFileType = sourcecode.swift; path = ViewController.swift; sourceTree = "<group>"; };
		68B31CD022CF1BF00001C298 /* Base */ = {isa = PBXFileReference; lastKnownFileType = file.storyboard; name = Base; path = Base.lproj/Main.storyboard; sourceTree = "<group>"; };
		68B31CD322CF1BF00001C298 /* CarthageTutorial.xcdatamodel */ = {isa = PBXFileReference; lastKnownFileType = wrapper.xcdatamodel; path = CarthageTutorial.xcdatamodel; sourceTree = "<group>"; };
		68B31CD522CF1BF10001C298 /* Assets.xcassets */ = {isa = PBXFileReference; lastKnownFileType = folder.assetcatalog; path = Assets.xcassets; sourceTree = "<group>"; };
		68B31CD822CF1BF10001C298 /* Base */ = {isa = PBXFileReference; lastKnownFileType = file.storyboard; name = Base; path = Base.lproj/LaunchScreen.storyboard; sourceTree = "<group>"; };
		68B31CDA22CF1BF10001C298 /* Info.plist */ = {isa = PBXFileReference; lastKnownFileType = text.plist.xml; path = Info.plist; sourceTree = "<group>"; };
		68E4B2B422CF26E10037F30F /* Alamofire.framework */ = {isa = PBXFileReference; lastKnownFileType = wrapper.framework; name = Alamofire.framework; path = Carthage/Build/iOS/Alamofire.framework; sourceTree = "<group>"; };
/* End PBXFileReference section */

/* Begin PBXFrameworksBuildPhase section */
		68B31CC522CF1BF00001C298 /* Frameworks */ = {
			isa = PBXFrameworksBuildPhase;
			buildActionMask = 2147483647;
			files = (
				68E4B2B522CF26E10037F30F /* Alamofire.framework in Frameworks */,
			);
			runOnlyForDeploymentPostprocessing = 0;
		};
/* End PBXFrameworksBuildPhase section */

/* Begin PBXGroup section */
		68B31CBF22CF1BF00001C298 = {
			isa = PBXGroup;
			children = (
				68B31CCA22CF1BF00001C298 /* CarthageTutorial */,
				68B31CC922CF1BF00001C298 /* Products */,
				68E4B2B322CF26E10037F30F /* Frameworks */,
			);
			sourceTree = "<group>";
		};
		68B31CC922CF1BF00001C298 /* Products */ = {
			isa = PBXGroup;
			children = (
				68B31CC822CF1BF00001C298 /* CarthageTutorial.app */,
			);
			name = Products;
			sourceTree = "<group>";
		};
		68B31CCA22CF1BF00001C298 /* CarthageTutorial */ = {
			isa = PBXGroup;
			children = (
				68B31CCB22CF1BF00001C298 /* AppDelegate.swift */,
				68B31CCD22CF1BF00001C298 /* ViewController.swift */,
				68B31CCF22CF1BF00001C298 /* Main.storyboard */,
				68B31CD522CF1BF10001C298 /* Assets.xcassets */,
				68B31CD722CF1BF10001C298 /* LaunchScreen.storyboard */,
				68B31CDA22CF1BF10001C298 /* Info.plist */,
				68B31CD222CF1BF00001C298 /* CarthageTutorial.xcdatamodeld */,
			);
			path = CarthageTutorial;
			sourceTree = "<group>";
		};
		68E4B2B322CF26E10037F30F /* Frameworks */ = {
			isa = PBXGroup;
			children = (
				68E4B2B422CF26E10037F30F /* Alamofire.framework */,
			);
			name = Frameworks;
			sourceTree = "<group>";
		};
/* End PBXGroup section */

/* Begin PBXNativeTarget section */
		68B31CC722CF1BF00001C298 /* CarthageTutorial */ = {
			isa = PBXNativeTarget;
			buildConfigurationList = 68B31CDD22CF1BF10001C298 /* Build configuration list for PBXNativeTarget "CarthageTutorial" */;
			buildPhases = (
				68B31CC422CF1BF00001C298 /* Sources */,
				68B31CC522CF1BF00001C298 /* Frameworks */,
				68B31CC622CF1BF00001C298 /* Resources */,
				68E4B2B222CF26100037F30F /* Carthage Copy Framework */,
			);
			buildRules = (
			);
			dependencies = (
			);
			name = CarthageTutorial;
			productName = CarthageTutorial;
			productReference = 68B31CC822CF1BF00001C298 /* CarthageTutorial.app */;
			productType = "com.apple.product-type.application";
		};
/* End PBXNativeTarget section */

/* Begin PBXProject section */
		68B31CC022CF1BF00001C298 /* Project object */ = {
			isa = PBXProject;
			attributes = {
				LastSwiftUpdateCheck = 1020;
				LastUpgradeCheck = 1020;
				ORGANIZATIONNAME = khrongpop;
				TargetAttributes = {
					68B31CC722CF1BF00001C298 = {
						CreatedOnToolsVersion = 10.2.1;
					};
				};
			};
			buildConfigurationList = 68B31CC322CF1BF00001C298 /* Build configuration list for PBXProject "CarthageTutorial" */;
			compatibilityVersion = "Xcode 9.3";
			developmentRegion = en;
			hasScannedForEncodings = 0;
			knownRegions = (
				en,
				Base,
			);
			mainGroup = 68B31CBF22CF1BF00001C298;
			productRefGroup = 68B31CC922CF1BF00001C298 /* Products */;
			projectDirPath = "";
			projectRoot = "";
			targets = (
				68B31CC722CF1BF00001C298 /* CarthageTutorial */,
			);
		};
/* End PBXProject section */

/* Begin PBXResourcesBuildPhase section */
		68B31CC622CF1BF00001C298 /* Resources */ = {
			isa = PBXResourcesBuildPhase;
			buildActionMask = 2147483647;
			files = (
				68B31CD922CF1BF10001C298 /* LaunchScreen.storyboard in Resources */,
				68B31CD622CF1BF10001C298 /* Assets.xcassets in Resources */,
				68B31CD122CF1BF00001C298 /* Main.storyboard in Resources */,
			);
			runOnlyForDeploymentPostprocessing = 0;
		};
/* End PBXResourcesBuildPhase section */

/* Begin PBXShellScriptBuildPhase section */
		68E4B2B222CF26100037F30F /* Carthage Copy Framework */ = {
			isa = PBXShellScriptBuildPhase;
			buildActionMask = 12;
			files = (
			);
			inputFileListPaths = (
			);
			inputPaths = (
				"$(SRCROOT)/Carthage/Build/iOS/Alamofire.framework",
			);
			name = "Carthage Copy Framework";
			outputFileListPaths = (
			);
			outputPaths = (
				"$(BUILT_PRODUCTS_DIR)/$(FRAMEWORKS_FOLDER_PATH)/Alamofire.framework",
			);
			runOnlyForDeploymentPostprocessing = 0;
			shellPath = /bin/sh;
			shellScript = "/usr/local/bin/carthage copy-frameworks\n";
		};
/* End PBXShellScriptBuildPhase section */

/* Begin PBXSourcesBuildPhase section */
		68B31CC422CF1BF00001C298 /* Sources */ = {
			isa = PBXSourcesBuildPhase;
			buildActionMask = 2147483647;
			files = (
				68B31CCE22CF1BF00001C298 /* ViewController.swift in Sources */,
				68B31CCC22CF1BF00001C298 /* AppDelegate.swift in Sources */,
				68B31CD422CF1BF00001C298 /* CarthageTutorial.xcdatamodeld in Sources */,
			);
			runOnlyForDeploymentPostprocessing = 0;
		};
/* End PBXSourcesBuildPhase section */

/* Begin PBXVariantGroup section */
		68B31CCF22CF1BF00001C298 /* Main.storyboard */ = {
			isa = PBXVariantGroup;
			children = (
				68B31CD022CF1BF00001C298 /* Base */,
			);
			name = Main.storyboard;
			sourceTree = "<group>";
		};
		68B31CD722CF1BF10001C298 /* LaunchScreen.storyboard */ = {
			isa = PBXVariantGroup;
			children = (
				68B31CD822CF1BF10001C298 /* Base */,
			);
			name = LaunchScreen.storyboard;
			sourceTree = "<group>";
		};
/* End PBXVariantGroup section */

/* Begin XCBuildConfiguration section */
		68B31CDB22CF1BF10001C298 /* Debug */ = {
			isa = XCBuildConfiguration;
			buildSettings = {
				ALWAYS_SEARCH_USER_PATHS = NO;
				CLANG_ANALYZER_NONNULL = YES;
				CLANG_ANALYZER_NUMBER_OBJECT_CONVERSION = YES_AGGRESSIVE;
				CLANG_CXX_LANGUAGE_STANDARD = "gnu++14";
				CLANG_CXX_LIBRARY = "libc++";
				CLANG_ENABLE_MODULES = YES;
				CLANG_ENABLE_OBJC_ARC = YES;
				CLANG_ENABLE_OBJC_WEAK = YES;
				CLANG_WARN_BLOCK_CAPTURE_AUTORELEASING = YES;
				CLANG_WARN_BOOL_CONVERSION = YES;
				CLANG_WARN_COMMA = YES;
				CLANG_WARN_CONSTANT_CONVERSION = YES;
				CLANG_WARN_DEPRECATED_OBJC_IMPLEMENTATIONS = YES;
				CLANG_WARN_DIRECT_OBJC_ISA_USAGE = YES_ERROR;
				CLANG_WARN_DOCUMENTATION_COMMENTS = YES;
				CLANG_WARN_EMPTY_BODY = YES;
				CLANG_WARN_ENUM_CONVERSION = YES;
				CLANG_WARN_INFINITE_RECURSION = YES;
				CLANG_WARN_INT_CONVERSION = YES;
				CLANG_WARN_NON_LITERAL_NULL_CONVERSION = YES;
				CLANG_WARN_OBJC_IMPLICIT_RETAIN_SELF = YES;
				CLANG_WARN_OBJC_LITERAL_CONVERSION = YES;
				CLANG_WARN_OBJC_ROOT_CLASS = YES_ERROR;
				CLANG_WARN_RANGE_LOOP_ANALYSIS = YES;
				CLANG_WARN_STRICT_PROTOTYPES = YES;
				CLANG_WARN_SUSPICIOUS_MOVE = YES;
				CLANG_WARN_UNGUARDED_AVAILABILITY = YES_AGGRESSIVE;
				CLANG_WARN_UNREACHABLE_CODE = YES;
				CLANG_WARN__DUPLICATE_METHOD_MATCH = YES;
				CODE_SIGN_IDENTITY = "iPhone Developer";
				COPY_PHASE_STRIP = NO;
				DEBUG_INFORMATION_FORMAT = dwarf;
				ENABLE_STRICT_OBJC_MSGSEND = YES;
				ENABLE_TESTABILITY = YES;
				GCC_C_LANGUAGE_STANDARD = gnu11;
				GCC_DYNAMIC_NO_PIC = NO;
				GCC_NO_COMMON_BLOCKS = YES;
				GCC_OPTIMIZATION_LEVEL = 0;
				GCC_PREPROCESSOR_DEFINITIONS = (
					"DEBUG=1",
					"$(inherited)",
				);
				GCC_WARN_64_TO_32_BIT_CONVERSION = YES;
				GCC_WARN_ABOUT_RETURN_TYPE = YES_ERROR;
				GCC_WARN_UNDECLARED_SELECTOR = YES;
				GCC_WARN_UNINITIALIZED_AUTOS = YES_AGGRESSIVE;
				GCC_WARN_UNUSED_FUNCTION = YES;
				GCC_WARN_UNUSED_VARIABLE = YES;
				IPHONEOS_DEPLOYMENT_TARGET = 12.2;
				MTL_ENABLE_DEBUG_INFO = INCLUDE_SOURCE;
				MTL_FAST_MATH = YES;
				ONLY_ACTIVE_ARCH = YES;
				SDKROOT = iphoneos;
				SWIFT_ACTIVE_COMPILATION_CONDITIONS = DEBUG;
				SWIFT_OPTIMIZATION_LEVEL = "-Onone";
			};
			name = Debug;
		};
		68B31CDC22CF1BF10001C298 /* Release */ = {
			isa = XCBuildConfiguration;
			buildSettings = {
				ALWAYS_SEARCH_USER_PATHS = NO;
				CLANG_ANALYZER_NONNULL = YES;
				CLANG_ANALYZER_NUMBER_OBJECT_CONVERSION = YES_AGGRESSIVE;
				CLANG_CXX_LANGUAGE_STANDARD = "gnu++14";
				CLANG_CXX_LIBRARY = "libc++";
				CLANG_ENABLE_MODULES = YES;
				CLANG_ENABLE_OBJC_ARC = YES;
				CLANG_ENABLE_OBJC_WEAK = YES;
				CLANG_WARN_BLOCK_CAPTURE_AUTORELEASING = YES;
				CLANG_WARN_BOOL_CONVERSION = YES;
				CLANG_WARN_COMMA = YES;
				CLANG_WARN_CONSTANT_CONVERSION = YES;
				CLANG_WARN_DEPRECATED_OBJC_IMPLEMENTATIONS = YES;
				CLANG_WARN_DIRECT_OBJC_ISA_USAGE = YES_ERROR;
				CLANG_WARN_DOCUMENTATION_COMMENTS = YES;
				CLANG_WARN_EMPTY_BODY = YES;
				CLANG_WARN_ENUM_CONVERSION = YES;
				CLANG_WARN_INFINITE_RECURSION = YES;
				CLANG_WARN_INT_CONVERSION = YES;
				CLANG_WARN_NON_LITERAL_NULL_CONVERSION = YES;
				CLANG_WARN_OBJC_IMPLICIT_RETAIN_SELF = YES;
				CLANG_WARN_OBJC_LITERAL_CONVERSION = YES;
				CLANG_WARN_OBJC_ROOT_CLASS = YES_ERROR;
				CLANG_WARN_RANGE_LOOP_ANALYSIS = YES;
				CLANG_WARN_STRICT_PROTOTYPES = YES;
				CLANG_WARN_SUSPICIOUS_MOVE = YES;
				CLANG_WARN_UNGUARDED_AVAILABILITY = YES_AGGRESSIVE;
				CLANG_WARN_UNREACHABLE_CODE = YES;
				CLANG_WARN__DUPLICATE_METHOD_MATCH = YES;
				CODE_SIGN_IDENTITY = "iPhone Developer";
				COPY_PHASE_STRIP = NO;
				DEBUG_INFORMATION_FORMAT = "dwarf-with-dsym";
				ENABLE_NS_ASSERTIONS = NO;
				ENABLE_STRICT_OBJC_MSGSEND = YES;
				GCC_C_LANGUAGE_STANDARD = gnu11;
				GCC_NO_COMMON_BLOCKS = YES;
				GCC_WARN_64_TO_32_BIT_CONVERSION = YES;
				GCC_WARN_ABOUT_RETURN_TYPE = YES_ERROR;
				GCC_WARN_UNDECLARED_SELECTOR = YES;
				GCC_WARN_UNINITIALIZED_AUTOS = YES_AGGRESSIVE;
				GCC_WARN_UNUSED_FUNCTION = YES;
				GCC_WARN_UNUSED_VARIABLE = YES;
				IPHONEOS_DEPLOYMENT_TARGET = 12.2;
				MTL_ENABLE_DEBUG_INFO = NO;
				MTL_FAST_MATH = YES;
				SDKROOT = iphoneos;
				SWIFT_COMPILATION_MODE = wholemodule;
				SWIFT_OPTIMIZATION_LEVEL = "-O";
				VALIDATE_PRODUCT = YES;
			};
			name = Release;
		};
		68B31CDE22CF1BF10001C298 /* Debug */ = {
			isa = XCBuildConfiguration;
			buildSettings = {
				ASSETCATALOG_COMPILER_APPICON_NAME = AppIcon;
				CODE_SIGN_STYLE = Automatic;
				DEVELOPMENT_TEAM = WKEL5C23AV;
				FRAMEWORK_SEARCH_PATHS = (
					"$(inherited)",
					"$(PROJECT_DIR)/Carthage/Build/iOS",
				);
				INFOPLIST_FILE = CarthageTutorial/Info.plist;
				LD_RUNPATH_SEARCH_PATHS = (
					"$(inherited)",
					"@executable_path/Frameworks",
				);
				PRODUCT_BUNDLE_IDENTIFIER = merge.CarthageTutorial;
				PRODUCT_NAME = "$(TARGET_NAME)";
				SWIFT_VERSION = 5.0;
				TARGETED_DEVICE_FAMILY = "1,2";
			};
			name = Debug;
		};
		68B31CDF22CF1BF10001C298 /* Release */ = {
			isa = XCBuildConfiguration;
			buildSettings = {
				ASSETCATALOG_COMPILER_APPICON_NAME = AppIcon;
				CODE_SIGN_STYLE = Automatic;
				DEVELOPMENT_TEAM = WKEL5C23AV;
				FRAMEWORK_SEARCH_PATHS = (
					"$(inherited)",
					"$(PROJECT_DIR)/Carthage/Build/iOS",
				);
				INFOPLIST_FILE = CarthageTutorial/Info.plist;
				LD_RUNPATH_SEARCH_PATHS = (
					"$(inherited)",
					"@executable_path/Frameworks",
				);
				PRODUCT_BUNDLE_IDENTIFIER = merge.CarthageTutorial;
				PRODUCT_NAME = "$(TARGET_NAME)";
				SWIFT_VERSION = 5.0;
				TARGETED_DEVICE_FAMILY = "1,2";
			};
			name = Release;
		};
/* End XCBuildConfiguration section */

/* Begin XCConfigurationList section */
		68B31CC322CF1BF00001C298 /* Build configuration list for PBXProject "CarthageTutorial" */ = {
			isa = XCConfigurationList;
			buildConfigurations = (
				68B31CDB22CF1BF10001C298 /* Debug */,
				68B31CDC22CF1BF10001C298 /* Release */,
			);
			defaultConfigurationIsVisible = 0;
			defaultConfigurationName = Release;
		};
		68B31CDD22CF1BF10001C298 /* Build configuration list for PBXNativeTarget "CarthageTutorial" */ = {
			isa = XCConfigurationList;
			buildConfigurations = (
				68B31CDE22CF1BF10001C298 /* Debug */,
				68B31CDF22CF1BF10001C298 /* Release */,
			);
			defaultConfigurationIsVisible = 0;
			defaultConfigurationName = Release;
		};
/* End XCConfigurationList section */

/* Begin XCVersionGroup section */
		68B31CD222CF1BF00001C298 /* CarthageTutorial.xcdatamodeld */ = {
			isa = XCVersionGroup;
			children = (
				68B31CD322CF1BF00001C298 /* CarthageTutorial.xcdatamodel */,
			);
			currentVersion = 68B31CD322CF1BF00001C298 /* CarthageTutorial.xcdatamodel */;
			path = CarthageTutorial.xcdatamodeld;
			sourceTree = "<group>";
			versionGroupType = wrapper.xcdatamodel;
		};
/* End XCVersionGroup section */
	};
	rootObject = 68B31CC022CF1BF00001C298 /* Project object */;
}
